
Microsoft Visual Studio Solution File, Format Version 12.00
# Visual Studio Version 16
VisualStudioVersion = 16.0.30114.105
MinimumVisualStudioVersion = 10.0.40219.1
Project("{9A19103F-16F7-4668-BE54-9A1E7A4F7556}") = "WeatherForecast.App", "WeatherForecastApp\WeatherForecast.App.csproj", "{64C418BD-A65E-446C-A3A5-09BDE62D2B1C}"
EndProject
Project("{9A19103F-16F7-4668-BE54-9A1E7A4F7556}") = "WeatherForecast.Services", "WeatherForecast.Services\WeatherForecast.Services.csproj", "{B628F538-4F23-4ED5-9EF7-72CBEED52F4B}"
EndProject
Project("{FAE04EC0-301F-11D3-BF4B-00C04F79EFBC}") = "WeatherForecast.Services.Tests", "WeatherForecast.Services.Tests\WeatherForecast.Services.Tests.csproj", "{BDDA53AA-C405-4A51-B936-C945E7499022}"
EndProject
Global
	GlobalSection(SolutionConfigurationPlatforms) = preSolution
		Debug|Any CPU = Debug|Any CPU
		Release|Any CPU = Release|Any CPU
	EndGlobalSection
	GlobalSection(ProjectConfigurationPlatforms) = postSolution
		{64C418BD-A65E-446C-A3A5-09BDE62D2B1C}.Debug|Any CPU.ActiveCfg = Debug|Any CPU
		{64C418BD-A65E-446C-A3A5-09BDE62D2B1C}.Debug|Any CPU.Build.0 = Debug|Any CPU
		{64C418BD-A65E-446C-A3A5-09BDE62D2B1C}.Release|Any CPU.ActiveCfg = Release|Any CPU
		{64C418BD-A65E-446C-A3A5-09BDE62D2B1C}.Release|Any CPU.Build.0 = Release|Any CPU
		{B628F538-4F23-4ED5-9EF7-72CBEED52F4B}.Debug|Any CPU.ActiveCfg = Debug|Any CPU
		{B628F538-4F23-4ED5-9EF7-72CBEED52F4B}.Debug|Any CPU.Build.0 = Debug|Any CPU
		{B628F538-4F23-4ED5-9EF7-72CBEED52F4B}.Release|Any CPU.ActiveCfg = Release|Any CPU
		{B628F538-4F23-4ED5-9EF7-72CBEED52F4B}.Release|Any CPU.Build.0 = Release|Any CPU
		{BDDA53AA-C405-4A51-B936-C945E7499022}.Debug|Any CPU.ActiveCfg = Debug|Any CPU
		{BDDA53AA-C405-4A51-B936-C945E7499022}.Debug|Any CPU.Build.0 = Debug|Any CPU
		{BDDA53AA-C405-4A51-B936-C945E7499022}.Release|Any CPU.ActiveCfg = Release|Any CPU
		{BDDA53AA-C405-4A51-B936-C945E7499022}.Release|Any CPU.Build.0 = Release|Any CPU
	EndGlobalSection
	GlobalSection(SolutionProperties) = preSolution
		HideSolutionNode = FALSE
	EndGlobalSection
	GlobalSection(ExtensibilityGlobals) = postSolution
		SolutionGuid = {D1761BDA-EAC5-4B47-9BCC-5D8F9EC103DE}
	EndGlobalSection
EndGlobal
